
Microsoft Visual Studio Solution File, Format Version 12.00
# Visual Studio Version 16
VisualStudioVersion = 16.0.32002.261
MinimumVisualStudioVersion = 10.0.40219.1
Project("{FAE04EC0-301F-11D3-BF4B-00C04F79EFBC}") = "estruturarepetição4", "estruturarepetição4.csproj", "{7EEFC1B0-4DC9-49DC-8224-0705E60E211C}"
EndProject
Global
	GlobalSection(SolutionConfigurationPlatforms) = preSolution
		Debug|Any CPU = Debug|Any CPU
		Release|Any CPU = Release|Any CPU
	EndGlobalSection
	GlobalSection(ProjectConfigurationPlatforms) = postSolution
		{7EEFC1B0-4DC9-49DC-8224-0705E60E211C}.Debug|Any CPU.ActiveCfg = Debug|Any CPU
		{7EEFC1B0-4DC9-49DC-8224-0705E60E211C}.Debug|Any CPU.Build.0 = Debug|Any CPU
		{7EEFC1B0-4DC9-49DC-8224-0705E60E211C}.Release|Any CPU.ActiveCfg = Release|Any CPU
		{7EEFC1B0-4DC9-49DC-8224-0705E60E211C}.Release|Any CPU.Build.0 = Release|Any CPU
	EndGlobalSection
	GlobalSection(SolutionProperties) = preSolution
		HideSolutionNode = FALSE
	EndGlobalSection
	GlobalSection(ExtensibilityGlobals) = postSolution
		SolutionGuid = {14678297-6B05-483A-A7B5-D5C359FDA02F}
	EndGlobalSection
EndGlobal
