
Microsoft Visual Studio Solution File, Format Version 12.00
# Visual Studio Version 16
VisualStudioVersion = 16.0.32002.261
MinimumVisualStudioVersion = 10.0.40219.1
Project("{FAE04EC0-301F-11D3-BF4B-00C04F79EFBC}") = "estruturarepetição8", "estruturarepetição8.csproj", "{B9C94408-34D0-48E4-B60B-397BBE2CE0F3}"
EndProject
Global
	GlobalSection(SolutionConfigurationPlatforms) = preSolution
		Debug|Any CPU = Debug|Any CPU
		Release|Any CPU = Release|Any CPU
	EndGlobalSection
	GlobalSection(ProjectConfigurationPlatforms) = postSolution
		{B9C94408-34D0-48E4-B60B-397BBE2CE0F3}.Debug|Any CPU.ActiveCfg = Debug|Any CPU
		{B9C94408-34D0-48E4-B60B-397BBE2CE0F3}.Debug|Any CPU.Build.0 = Debug|Any CPU
		{B9C94408-34D0-48E4-B60B-397BBE2CE0F3}.Release|Any CPU.ActiveCfg = Release|Any CPU
		{B9C94408-34D0-48E4-B60B-397BBE2CE0F3}.Release|Any CPU.Build.0 = Release|Any CPU
	EndGlobalSection
	GlobalSection(SolutionProperties) = preSolution
		HideSolutionNode = FALSE
	EndGlobalSection
	GlobalSection(ExtensibilityGlobals) = postSolution
		SolutionGuid = {A062030B-9A1A-43B9-98BB-5044B6D1AE7F}
	EndGlobalSection
EndGlobal
