
Microsoft Visual Studio Solution File, Format Version 12.00
# Visual Studio Version 16
VisualStudioVersion = 16.0.32002.261
MinimumVisualStudioVersion = 10.0.40219.1
Project("{FAE04EC0-301F-11D3-BF4B-00C04F79EFBC}") = "somatoriamedia", "somatoriamedia.csproj", "{8BDA4F23-325B-46A7-A26A-50C61DF7EE87}"
EndProject
Global
	GlobalSection(SolutionConfigurationPlatforms) = preSolution
		Debug|Any CPU = Debug|Any CPU
		Release|Any CPU = Release|Any CPU
	EndGlobalSection
	GlobalSection(ProjectConfigurationPlatforms) = postSolution
		{8BDA4F23-325B-46A7-A26A-50C61DF7EE87}.Debug|Any CPU.ActiveCfg = Debug|Any CPU
		{8BDA4F23-325B-46A7-A26A-50C61DF7EE87}.Debug|Any CPU.Build.0 = Debug|Any CPU
		{8BDA4F23-325B-46A7-A26A-50C61DF7EE87}.Release|Any CPU.ActiveCfg = Release|Any CPU
		{8BDA4F23-325B-46A7-A26A-50C61DF7EE87}.Release|Any CPU.Build.0 = Release|Any CPU
	EndGlobalSection
	GlobalSection(SolutionProperties) = preSolution
		HideSolutionNode = FALSE
	EndGlobalSection
	GlobalSection(ExtensibilityGlobals) = postSolution
		SolutionGuid = {2667A773-4AC6-4810-BA1F-C77525CAE820}
	EndGlobalSection
EndGlobal
