
Microsoft Visual Studio Solution File, Format Version 12.00
# Visual Studio Version 16
VisualStudioVersion = 16.0.32002.261
MinimumVisualStudioVersion = 10.0.40219.1
Project("{FAE04EC0-301F-11D3-BF4B-00C04F79EFBC}") = "estruturarepetição3", "estruturarepetição3.csproj", "{814A7083-1DC2-462D-A9E4-6B26513B6BD5}"
EndProject
Global
	GlobalSection(SolutionConfigurationPlatforms) = preSolution
		Debug|Any CPU = Debug|Any CPU
		Release|Any CPU = Release|Any CPU
	EndGlobalSection
	GlobalSection(ProjectConfigurationPlatforms) = postSolution
		{814A7083-1DC2-462D-A9E4-6B26513B6BD5}.Debug|Any CPU.ActiveCfg = Debug|Any CPU
		{814A7083-1DC2-462D-A9E4-6B26513B6BD5}.Debug|Any CPU.Build.0 = Debug|Any CPU
		{814A7083-1DC2-462D-A9E4-6B26513B6BD5}.Release|Any CPU.ActiveCfg = Release|Any CPU
		{814A7083-1DC2-462D-A9E4-6B26513B6BD5}.Release|Any CPU.Build.0 = Release|Any CPU
	EndGlobalSection
	GlobalSection(SolutionProperties) = preSolution
		HideSolutionNode = FALSE
	EndGlobalSection
	GlobalSection(ExtensibilityGlobals) = postSolution
		SolutionGuid = {3EA50451-2A2F-4486-AFFB-9B924F41B630}
	EndGlobalSection
EndGlobal
